
Microsoft Visual Studio Solution File, Format Version 12.00
# Visual Studio Version 17
VisualStudioVersion = 17.2.32526.322
MinimumVisualStudioVersion = 10.0.40219.1
Project("{FAE04EC0-301F-11D3-BF4B-00C04F79EFBC}") = "UniversitySystem", "UniversitySystem\UniversitySystem.csproj", "{B7E14A24-584F-4E0A-835C-57F0BE037DFF}"
EndProject
Global
	GlobalSection(SolutionConfigurationPlatforms) = preSolution
		Debug|Any CPU = Debug|Any CPU
		Release|Any CPU = Release|Any CPU
	EndGlobalSection
	GlobalSection(ProjectConfigurationPlatforms) = postSolution
		{B7E14A24-584F-4E0A-835C-57F0BE037DFF}.Debug|Any CPU.ActiveCfg = Debug|Any CPU
		{B7E14A24-584F-4E0A-835C-57F0BE037DFF}.Debug|Any CPU.Build.0 = Debug|Any CPU
		{B7E14A24-584F-4E0A-835C-57F0BE037DFF}.Release|Any CPU.ActiveCfg = Release|Any CPU
		{B7E14A24-584F-4E0A-835C-57F0BE037DFF}.Release|Any CPU.Build.0 = Release|Any CPU
	EndGlobalSection
	GlobalSection(SolutionProperties) = preSolution
		HideSolutionNode = FALSE
	EndGlobalSection
	GlobalSection(ExtensibilityGlobals) = postSolution
		SolutionGuid = {0815A8FE-C302-4F9F-8E00-349EDC61D956}
	EndGlobalSection
EndGlobal
